<?xml version="1.0" encoding="utf-8"?>
<Project ToolsVersion="4.0" xmlns="http://schemas.microsoft.com/developer/msbuild/2003">
  <ItemGroup>
    <Filter Include="Source Files">
      <UniqueIdentifier>{4FC737F1-C7A5-4376-A066-2A32D752A2FF}</UniqueIdentifier>
      <Extensions>qml;cpp;c;cc;cxx;def;odl;idl;hpj;bat;asm;asmx</Extensions>
    </Filter>
    <Filter Include="Header Files">
      <UniqueIdentifier>{93995380-89BD-4b04-88EB-625FBE52EBFB}</UniqueIdentifier>
      <Extensions>h;hh;hpp;hxx;hm;inl;inc;xsd</Extensions>
    </Filter>
    <Filter Include="Resource Files">
      <UniqueIdentifier>{67DA6AB6-F800-4c08-8B7A-83BB121AAD01}</UniqueIdentifier>
      <Extensions>qrc;rc;ico;cur;bmp;dlg;rc2;rct;bin;rgs;gif;jpg;jpeg;jpe;resx;tiff;tif;png;wav;mfcribbon-ms</Extensions>
    </Filter>
    <Filter Include="Form Files">
      <UniqueIdentifier>{99349809-55BA-4b9d-BF79-8FDBB0286EB3}</UniqueIdentifier>
      <Extensions>ui</Extensions>
    </Filter>
    <Filter Include="Translation Files">
      <UniqueIdentifier>{639EADAA-A684-42e4-A9AD-28FC9BCB8F7C}</UniqueIdentifier>
      <Extensions>ts</Extensions>
    </Filter>
    <Filter Include="takeoff">
      <UniqueIdentifier>{1dfd5e9e-1dc9-4beb-a2d7-902cbd657f3a}</UniqueIdentifier>
    </Filter>
    <Filter Include="sqlite">
      <UniqueIdentifier>{f6b92d19-9972-49ff-832e-41d96a066446}</UniqueIdentifier>
    </Filter>
    <Filter Include="thread">
      <UniqueIdentifier>{2a3dce20-08ef-431b-8ac7-19d1a3124c42}</UniqueIdentifier>
    </Filter>
    <Filter Include="climb">
      <UniqueIdentifier>{48b17ef8-d341-4b90-a657-f4182f2ea0f9}</UniqueIdentifier>
    </Filter>
  </ItemGroup>
  <ItemGroup>
    <QtRcc Include="MultiThreadDemo.qrc">
      <Filter>Resource Files</Filter>
    </QtRcc>
    <QtUic Include="MultiThreadDemo.ui">
      <Filter>Form Files</Filter>
    </QtUic>
    <QtMoc Include="MultiThreadDemo.h">
      <Filter>Header Files</Filter>
    </QtMoc>
    <ClCompile Include="MultiThreadDemo.cpp">
      <Filter>Source Files</Filter>
    </ClCompile>
  </ItemGroup>
  <ItemGroup>
    <ClCompile Include="main.cpp">
      <Filter>Source Files</Filter>
    </ClCompile>
    <ClCompile Include="takeoff_table_handler.cpp">
      <Filter>takeoff</Filter>
    </ClCompile>
    <ClCompile Include="database_manager.cpp">
      <Filter>sqlite</Filter>
    </ClCompile>
    <ClCompile Include="CalculateRunnable.cpp">
      <Filter>thread</Filter>
    </ClCompile>
    <ClCompile Include="Calculate.cpp">
      <Filter>thread</Filter>
    </ClCompile>
    <ClCompile Include="climb_table_handler.cpp">
      <Filter>climb</Filter>
    </ClCompile>
  </ItemGroup>
  <ItemGroup>
    <QtMoc Include="CalculateRunnable.h">
      <Filter>thread</Filter>
    </QtMoc>
    <QtMoc Include="Calculate.h">
      <Filter>thread</Filter>
    </QtMoc>
  </ItemGroup>
  <ItemGroup>
    <ClInclude Include="takeoff_table_handler.h">
      <Filter>takeoff</Filter>
    </ClInclude>
    <ClInclude Include="takeoff.h">
      <Filter>takeoff</Filter>
    </ClInclude>
    <ClInclude Include="table_handler_registry.h">
      <Filter>sqlite</Filter>
    </ClInclude>
    <ClInclude Include="table_handler.h">
      <Filter>sqlite</Filter>
    </ClInclude>
    <ClInclude Include="database_manager.h">
      <Filter>sqlite</Filter>
    </ClInclude>
    <ClInclude Include="CalculateInputStruct.h">
      <Filter>thread</Filter>
    </ClInclude>
    <ClInclude Include="orm_macros.h">
      <Filter>sqlite</Filter>
    </ClInclude>
    <ClInclude Include="field_metadata.h">
      <Filter>sqlite</Filter>
    </ClInclude>
    <ClInclude Include="sql_generator.h">
      <Filter>sqlite</Filter>
    </ClInclude>
    <ClInclude Include="climb_table_handler.h">
      <Filter>climb</Filter>
    </ClInclude>
    <ClInclude Include="climb.h">
      <Filter>climb</Filter>
    </ClInclude>
  </ItemGroup>
</Project>